
Microsoft Visual Studio Solution File, Format Version 12.00
# Visual Studio 14
VisualStudioVersion = 14.0.25420.1
MinimumVisualStudioVersion = 10.0.40219.1
Project("{8BC9CEB8-8B4A-11D0-8D11-00A0C91BC942}") = "IKThesis", "Code\Game\Game.vcxproj", "{60D28B45-0A80-411D-B2BE-4736EDBADABB}"
EndProject
Project("{8BC9CEB8-8B4A-11D0-8D11-00A0C91BC942}") = "Engine", "..\..\Engine\Code\Engine\Engine.vcxproj", "{82BBBE92-46A2-4C92-884D-91A92FC64A61}"
EndProject
Global
	GlobalSection(SolutionConfigurationPlatforms) = preSolution
		Debug|x64 = Debug|x64
		Debug|x86 = Debug|x86
		DebugInline|x64 = DebugInline|x64
		DebugInline|x86 = DebugInline|x86
		FastDebug|x64 = FastDebug|x64
		FastDebug|x86 = FastDebug|x86
		Release|x64 = Release|x64
		Release|x86 = Release|x86
		Tools Debug|x64 = Tools Debug|x64
		Tools Debug|x86 = Tools Debug|x86
		Tools Release|x64 = Tools Release|x64
		Tools Release|x86 = Tools Release|x86
	EndGlobalSection
	GlobalSection(ProjectConfigurationPlatforms) = postSolution
		{60D28B45-0A80-411D-B2BE-4736EDBADABB}.Debug|x64.ActiveCfg = Debug|x64
		{60D28B45-0A80-411D-B2BE-4736EDBADABB}.Debug|x64.Build.0 = Debug|x64
		{60D28B45-0A80-411D-B2BE-4736EDBADABB}.Debug|x86.ActiveCfg = Debug|Win32
		{60D28B45-0A80-411D-B2BE-4736EDBADABB}.Debug|x86.Build.0 = Debug|Win32
		{60D28B45-0A80-411D-B2BE-4736EDBADABB}.DebugInline|x64.ActiveCfg = DebugInline|x64
		{60D28B45-0A80-411D-B2BE-4736EDBADABB}.DebugInline|x64.Build.0 = DebugInline|x64
		{60D28B45-0A80-411D-B2BE-4736EDBADABB}.DebugInline|x86.ActiveCfg = DebugInline|Win32
		{60D28B45-0A80-411D-B2BE-4736EDBADABB}.DebugInline|x86.Build.0 = DebugInline|Win32
		{60D28B45-0A80-411D-B2BE-4736EDBADABB}.FastDebug|x64.ActiveCfg = FastDebug|x64
		{60D28B45-0A80-411D-B2BE-4736EDBADABB}.FastDebug|x64.Build.0 = FastDebug|x64
		{60D28B45-0A80-411D-B2BE-4736EDBADABB}.FastDebug|x86.ActiveCfg = FastDebug|Win32
		{60D28B45-0A80-411D-B2BE-4736EDBADABB}.FastDebug|x86.Build.0 = FastDebug|Win32
		{60D28B45-0A80-411D-B2BE-4736EDBADABB}.Release|x64.ActiveCfg = Release|x64
		{60D28B45-0A80-411D-B2BE-4736EDBADABB}.Release|x64.Build.0 = Release|x64
		{60D28B45-0A80-411D-B2BE-4736EDBADABB}.Release|x86.ActiveCfg = Release|Win32
		{60D28B45-0A80-411D-B2BE-4736EDBADABB}.Release|x86.Build.0 = Release|Win32
		{60D28B45-0A80-411D-B2BE-4736EDBADABB}.Tools Debug|x64.ActiveCfg = Tools Debug|x64
		{60D28B45-0A80-411D-B2BE-4736EDBADABB}.Tools Debug|x64.Build.0 = Tools Debug|x64
		{60D28B45-0A80-411D-B2BE-4736EDBADABB}.Tools Debug|x86.ActiveCfg = Tools Debug|Win32
		{60D28B45-0A80-411D-B2BE-4736EDBADABB}.Tools Debug|x86.Build.0 = Tools Debug|Win32
		{60D28B45-0A80-411D-B2BE-4736EDBADABB}.Tools Release|x64.ActiveCfg = Tools Release|x64
		{60D28B45-0A80-411D-B2BE-4736EDBADABB}.Tools Release|x64.Build.0 = Tools Release|x64
		{60D28B45-0A80-411D-B2BE-4736EDBADABB}.Tools Release|x86.ActiveCfg = Tools Release|Win32
		{60D28B45-0A80-411D-B2BE-4736EDBADABB}.Tools Release|x86.Build.0 = Tools Release|Win32
		{82BBBE92-46A2-4C92-884D-91A92FC64A61}.Debug|x64.ActiveCfg = Debug|x64
		{82BBBE92-46A2-4C92-884D-91A92FC64A61}.Debug|x64.Build.0 = Debug|x64
		{82BBBE92-46A2-4C92-884D-91A92FC64A61}.Debug|x86.ActiveCfg = Debug|Win32
		{82BBBE92-46A2-4C92-884D-91A92FC64A61}.Debug|x86.Build.0 = Debug|Win32
		{82BBBE92-46A2-4C92-884D-91A92FC64A61}.DebugInline|x64.ActiveCfg = DebugInline|x64
		{82BBBE92-46A2-4C92-884D-91A92FC64A61}.DebugInline|x64.Build.0 = DebugInline|x64
		{82BBBE92-46A2-4C92-884D-91A92FC64A61}.DebugInline|x86.ActiveCfg = DebugInline|Win32
		{82BBBE92-46A2-4C92-884D-91A92FC64A61}.DebugInline|x86.Build.0 = DebugInline|Win32
		{82BBBE92-46A2-4C92-884D-91A92FC64A61}.FastDebug|x64.ActiveCfg = FastDebug|x64
		{82BBBE92-46A2-4C92-884D-91A92FC64A61}.FastDebug|x64.Build.0 = FastDebug|x64
		{82BBBE92-46A2-4C92-884D-91A92FC64A61}.FastDebug|x86.ActiveCfg = FastDebug|Win32
		{82BBBE92-46A2-4C92-884D-91A92FC64A61}.FastDebug|x86.Build.0 = FastDebug|Win32
		{82BBBE92-46A2-4C92-884D-91A92FC64A61}.Release|x64.ActiveCfg = Release|x64
		{82BBBE92-46A2-4C92-884D-91A92FC64A61}.Release|x64.Build.0 = Release|x64
		{82BBBE92-46A2-4C92-884D-91A92FC64A61}.Release|x86.ActiveCfg = Release|Win32
		{82BBBE92-46A2-4C92-884D-91A92FC64A61}.Release|x86.Build.0 = Release|Win32
		{82BBBE92-46A2-4C92-884D-91A92FC64A61}.Tools Debug|x64.ActiveCfg = Tools Debug|x64
		{82BBBE92-46A2-4C92-884D-91A92FC64A61}.Tools Debug|x64.Build.0 = Tools Debug|x64
		{82BBBE92-46A2-4C92-884D-91A92FC64A61}.Tools Debug|x86.ActiveCfg = Tools Debug|Win32
		{82BBBE92-46A2-4C92-884D-91A92FC64A61}.Tools Debug|x86.Build.0 = Tools Debug|Win32
		{82BBBE92-46A2-4C92-884D-91A92FC64A61}.Tools Release|x64.ActiveCfg = Tools Release|x64
		{82BBBE92-46A2-4C92-884D-91A92FC64A61}.Tools Release|x64.Build.0 = Tools Release|x64
		{82BBBE92-46A2-4C92-884D-91A92FC64A61}.Tools Release|x86.ActiveCfg = Tools Release|Win32
		{82BBBE92-46A2-4C92-884D-91A92FC64A61}.Tools Release|x86.Build.0 = Tools Release|Win32
	EndGlobalSection
	GlobalSection(SolutionProperties) = preSolution
		HideSolutionNode = FALSE
	EndGlobalSection
EndGlobal
